
Microsoft Visual Studio Solution File, Format Version 12.00
# Visual Studio 2013
VisualStudioVersion = 12.0.21005.1
MinimumVisualStudioVersion = 10.0.40219.1
Project("{8BC9CEB8-8B4A-11D0-8D11-00A0C91BC942}") = "扫雷", "扫雷\扫雷.vcxproj", "{78D6A7C3-332B-4A56-90D4-5B7265BF3701}"
EndProject
Global
	GlobalSection(SolutionConfigurationPlatforms) = preSolution
		Debug|Win32 = Debug|Win32
		Release|Win32 = Release|Win32
	EndGlobalSection
	GlobalSection(ProjectConfigurationPlatforms) = postSolution
		{78D6A7C3-332B-4A56-90D4-5B7265BF3701}.Debug|Win32.ActiveCfg = Debug|Win32
		{78D6A7C3-332B-4A56-90D4-5B7265BF3701}.Debug|Win32.Build.0 = Debug|Win32
		{78D6A7C3-332B-4A56-90D4-5B7265BF3701}.Release|Win32.ActiveCfg = Release|Win32
		{78D6A7C3-332B-4A56-90D4-5B7265BF3701}.Release|Win32.Build.0 = Release|Win32
	EndGlobalSection
	GlobalSection(SolutionProperties) = preSolution
		HideSolutionNode = FALSE
	EndGlobalSection
EndGlobal
